
Microsoft Visual Studio Solution File, Format Version 11.00
# Visual Basic Express 2010
Project("{F184B08F-C81C-45F6-A57F-5ABD9991F28F}") = "cafeorderingsystem", "cafeorderingsystem\cafeorderingsystem.vbproj", "{B3F72051-600E-4323-AC58-CC31A253F55E}"
EndProject
Global
	GlobalSection(SolutionConfigurationPlatforms) = preSolution
		Debug|x86 = Debug|x86
		Release|x86 = Release|x86
	EndGlobalSection
	GlobalSection(ProjectConfigurationPlatforms) = postSolution
		{B3F72051-600E-4323-AC58-CC31A253F55E}.Debug|x86.ActiveCfg = Debug|x86
		{B3F72051-600E-4323-AC58-CC31A253F55E}.Debug|x86.Build.0 = Debug|x86
		{B3F72051-600E-4323-AC58-CC31A253F55E}.Release|x86.ActiveCfg = Release|x86
		{B3F72051-600E-4323-AC58-CC31A253F55E}.Release|x86.Build.0 = Release|x86
	EndGlobalSection
	GlobalSection(SolutionProperties) = preSolution
		HideSolutionNode = FALSE
	EndGlobalSection
EndGlobal
